# This file is automatically @generated by Poetry 1.4.2 and should not be changed by hand.

[[package]]
name = "astroid"
version = "3.2.4"
description = "An abstract syntax tree for Python with inference support."
category = "dev"
optional = false
python-versions = ">=3.8.0"
files = [
    {file = "astroid-3.2.4-py3-none-any.whl", hash = "sha256:413658a61eeca6202a59231abb473f932038fbcbf1666587f66d482083413a25"},
    {file = "astroid-3.2.4.tar.gz", hash = "sha256:0e14202810b30da1b735827f78f5157be2bbd4a7a59b7707ca0bfc2fb4c0063a"},
]

[[package]]
name = "cfgv"
version = "3.4.0"
description = "Validate configuration and produce human readable error messages."
category = "dev"
optional = false
python-versions = ">=3.8"
files = [
    {file = "cfgv-3.4.0-py2.py3-none-any.whl", hash = "sha256:b7265b1f29fd3316bfcd2b330d63d024f2bfd8bcb8b0272f8e19a504856c48f9"},
    {file = "cfgv-3.4.0.tar.gz", hash = "sha256:e52591d4c5f5dead8e0f673fb16db7949d2cfb3f7da4582893288f0ded8fe560"},
]

[[package]]
name = "colorama"
version = "0.4.6"
description = "Cross-platform colored terminal text."
category = "dev"
optional = false
python-versions = "!=3.0.*,!=3.1.*,!=3.2.*,!=3.3.*,!=3.4.*,!=3.5.*,!=3.6.*,>=2.7"
files = [
    {file = "colorama-0.4.6-py2.py3-none-any.whl", hash = "sha256:4f1d9991f5acc0ca119f9d443620b77f9d6b33703e51011c16baf57afb285fc6"},
    {file = "colorama-0.4.6.tar.gz", hash = "sha256:08695f5cb7ed6e0531a20572697297273c47b8cae5a63ffc6d6ed5c201be6e44"},
]

[[package]]
name = "dill"
version = "0.3.8"
description = "serialize all of Python"
category = "dev"
optional = false
python-versions = ">=3.8"
files = [
    {file = "dill-0.3.8-py3-none-any.whl", hash = "sha256:c36ca9ffb54365bdd2f8eb3eff7d2a21237f8452b57ace88b1ac615b7e815bd7"},
    {file = "dill-0.3.8.tar.gz", hash = "sha256:3ebe3c479ad625c4553aca177444d89b486b1d84982eeacded644afc0cf797ca"},
]

[package.extras]
graph = ["objgraph (>=1.7.2)"]
profile = ["gprof2dot (>=2022.7.29)"]

[[package]]
name = "distlib"
version = "0.3.8"
description = "Distribution utilities"
category = "dev"
optional = false
python-versions = "*"
files = [
    {file = "distlib-0.3.8-py2.py3-none-any.whl", hash = "sha256:034db59a0b96f8ca18035f36290806a9a6e6bd9d1ff91e45a7f172eb17e51784"},
    {file = "distlib-0.3.8.tar.gz", hash = "sha256:1530ea13e350031b6312d8580ddb6b27a104275a31106523b8f123787f494f64"},
]

[[package]]
name = "filelock"
version = "3.15.4"
description = "A platform independent file lock."
category = "dev"
optional = false
python-versions = ">=3.8"
files = [
    {file = "filelock-3.15.4-py3-none-any.whl", hash = "sha256:6ca1fffae96225dab4c6eaf1c4f4f28cd2568d3ec2a44e15a08520504de468e7"},
    {file = "filelock-3.15.4.tar.gz", hash = "sha256:2207938cbc1844345cb01a5a95524dae30f0ce089eba5b00378295a17e3e90cb"},
]

[package.extras]
docs = ["furo (>=2023.9.10)", "sphinx (>=7.2.6)", "sphinx-autodoc-typehints (>=1.25.2)"]
testing = ["covdefaults (>=2.3)", "coverage (>=7.3.2)", "diff-cover (>=8.0.1)", "pytest (>=7.4.3)", "pytest-asyncio (>=0.21)", "pytest-cov (>=4.1)", "pytest-mock (>=3.12)", "pytest-timeout (>=2.2)", "virtualenv (>=20.26.2)"]
typing = ["typing-extensions (>=4.8)"]

[[package]]
name = "identify"
version = "2.6.0"
description = "File identification library for Python"
category = "dev"
optional = false
python-versions = ">=3.8"
files = [
    {file = "identify-2.6.0-py2.py3-none-any.whl", hash = "sha256:e79ae4406387a9d300332b5fd366d8994f1525e8414984e1a59e058b2eda2dd0"},
    {file = "identify-2.6.0.tar.gz", hash = "sha256:cb171c685bdc31bcc4c1734698736a7d5b6c8bf2e0c15117f4d469c8640ae5cf"},
]

[package.extras]
license = ["ukkonen"]

[[package]]
name = "ijson"
version = "3.3.0"
description = "Iterative JSON parser with standard Python iterator interfaces"
category = "main"
optional = false
python-versions = "*"
files = [
    {file = "ijson-3.3.0-cp310-cp310-macosx_10_9_universal2.whl", hash = "sha256:7f7a5250599c366369fbf3bc4e176f5daa28eb6bc7d6130d02462ed335361675"},
    {file = "ijson-3.3.0-cp310-cp310-macosx_10_9_x86_64.whl", hash = "sha256:f87a7e52f79059f9c58f6886c262061065eb6f7554a587be7ed3aa63e6b71b34"},
    {file = "ijson-3.3.0-cp310-cp310-macosx_11_0_arm64.whl", hash = "sha256:b73b493af9e947caed75d329676b1b801d673b17481962823a3e55fe529c8b8b"},
    {file = "ijson-3.3.0-cp310-cp310-manylinux_2_17_aarch64.manylinux2014_aarch64.whl", hash = "sha256:d5576415f3d76290b160aa093ff968f8bf6de7d681e16e463a0134106b506f49"},
    {file = "ijson-3.3.0-cp310-cp310-manylinux_2_17_i686.manylinux2014_i686.whl", hash = "sha256:4e9ffe358d5fdd6b878a8a364e96e15ca7ca57b92a48f588378cef315a8b019e"},
    {file = "ijson-3.3.0-cp310-cp310-manylinux_2_17_x86_64.manylinux2014_x86_64.whl", hash = "sha256:8643c255a25824ddd0895c59f2319c019e13e949dc37162f876c41a283361527"},
    {file = "ijson-3.3.0-cp310-cp310-musllinux_1_2_aarch64.whl", hash = "sha256:df3ab5e078cab19f7eaeef1d5f063103e1ebf8c26d059767b26a6a0ad8b250a3"},
    {file = "ijson-3.3.0-cp310-cp310-musllinux_1_2_i686.whl", hash = "sha256:3dc1fb02c6ed0bae1b4bf96971258bf88aea72051b6e4cebae97cff7090c0607"},
    {file = "ijson-3.3.0-cp310-cp310-musllinux_1_2_x86_64.whl", hash = "sha256:e9afd97339fc5a20f0542c971f90f3ca97e73d3050cdc488d540b63fae45329a"},
    {file = "ijson-3.3.0-cp310-cp310-win32.whl", hash = "sha256:844c0d1c04c40fd1b60f148dc829d3f69b2de789d0ba239c35136efe9a386529"},
    {file = "ijson-3.3.0-cp310-cp310-win_amd64.whl", hash = "sha256:d654d045adafdcc6c100e8e911508a2eedbd2a1b5f93f930ba13ea67d7704ee9"},
    {file = "ijson-3.3.0-cp311-cp311-macosx_10_9_universal2.whl", hash = "sha256:501dce8eaa537e728aa35810656aa00460a2547dcb60937c8139f36ec344d7fc"},
    {file = "ijson-3.3.0-cp311-cp311-macosx_10_9_x86_64.whl", hash = "sha256:658ba9cad0374d37b38c9893f4864f284cdcc7d32041f9808fba8c7bcaadf134"},
    {file = "ijson-3.3.0-cp311-cp311-macosx_11_0_arm64.whl", hash = "sha256:2636cb8c0f1023ef16173f4b9a233bcdb1df11c400c603d5f299fac143ca8d70"},
    {file = "ijson-3.3.0-cp311-cp311-manylinux_2_17_aarch64.manylinux2014_aarch64.whl", hash = "sha256:cd174b90db68c3bcca273e9391934a25d76929d727dc75224bf244446b28b03b"},
    {file = "ijson-3.3.0-cp311-cp311-manylinux_2_17_i686.manylinux2014_i686.whl", hash = "sha256:97a9aea46e2a8371c4cf5386d881de833ed782901ac9f67ebcb63bb3b7d115af"},
    {file = "ijson-3.3.0-cp311-cp311-manylinux_2_17_x86_64.manylinux2014_x86_64.whl", hash = "sha256:c594c0abe69d9d6099f4ece17763d53072f65ba60b372d8ba6de8695ce6ee39e"},
    {file = "ijson-3.3.0-cp311-cp311-musllinux_1_2_aarch64.whl", hash = "sha256:8e0ff16c224d9bfe4e9e6bd0395826096cda4a3ef51e6c301e1b61007ee2bd24"},
    {file = "ijson-3.3.0-cp311-cp311-musllinux_1_2_i686.whl", hash = "sha256:0015354011303175eae7e2ef5136414e91de2298e5a2e9580ed100b728c07e51"},
    {file = "ijson-3.3.0-cp311-cp311-musllinux_1_2_x86_64.whl", hash = "sha256:034642558afa57351a0ffe6de89e63907c4cf6849070cc10a3b2542dccda1afe"},
    {file = "ijson-3.3.0-cp311-cp311-win32.whl", hash = "sha256:192e4b65495978b0bce0c78e859d14772e841724d3269fc1667dc6d2f53cc0ea"},
    {file = "ijson-3.3.0-cp311-cp311-win_amd64.whl", hash = "sha256:72e3488453754bdb45c878e31ce557ea87e1eb0f8b4fc610373da35e8074ce42"},
    {file = "ijson-3.3.0-cp312-cp312-macosx_10_9_universal2.whl", hash = "sha256:988e959f2f3d59ebd9c2962ae71b97c0df58323910d0b368cc190ad07429d1bb"},
    {file = "ijson-3.3.0-cp312-cp312-macosx_10_9_x86_64.whl", hash = "sha256:b2f73f0d0fce5300f23a1383d19b44d103bb113b57a69c36fd95b7c03099b181"},
    {file = "ijson-3.3.0-cp312-cp312-macosx_11_0_arm64.whl", hash = "sha256:0ee57a28c6bf523d7cb0513096e4eb4dac16cd935695049de7608ec110c2b751"},
    {file = "ijson-3.3.0-cp312-cp312-manylinux_2_17_aarch64.manylinux2014_aarch64.whl", hash = "sha256:e0155a8f079c688c2ccaea05de1ad69877995c547ba3d3612c1c336edc12a3a5"},
    {file = "ijson-3.3.0-cp312-cp312-manylinux_2_17_i686.manylinux2014_i686.whl", hash = "sha256:7ab00721304af1ae1afa4313ecfa1bf16b07f55ef91e4a5b93aeaa3e2bd7917c"},
    {file = "ijson-3.3.0-cp312-cp312-manylinux_2_17_x86_64.manylinux2014_x86_64.whl", hash = "sha256:40ee3821ee90be0f0e95dcf9862d786a7439bd1113e370736bfdf197e9765bfb"},
    {file = "ijson-3.3.0-cp312-cp312-musllinux_1_2_aarch64.whl", hash = "sha256:da3b6987a0bc3e6d0f721b42c7a0198ef897ae50579547b0345f7f02486898f5"},
    {file = "ijson-3.3.0-cp312-cp312-musllinux_1_2_i686.whl", hash = "sha256:63afea5f2d50d931feb20dcc50954e23cef4127606cc0ecf7a27128ed9f9a9e6"},
    {file = "ijson-3.3.0-cp312-cp312-musllinux_1_2_x86_64.whl", hash = "sha256:b5c3e285e0735fd8c5a26d177eca8b52512cdd8687ca86ec77a0c66e9c510182"},
    {file = "ijson-3.3.0-cp312-cp312-win32.whl", hash = "sha256:907f3a8674e489abdcb0206723e5560a5cb1fa42470dcc637942d7b10f28b695"},
    {file = "ijson-3.3.0-cp312-cp312-win_amd64.whl", hash = "sha256:8f890d04ad33262d0c77ead53c85f13abfb82f2c8f078dfbf24b78f59534dfdd"},
    {file = "ijson-3.3.0-cp36-cp36m-macosx_10_9_x86_64.whl", hash = "sha256:b9d85a02e77ee8ea6d9e3fd5d515bcc3d798d9c1ea54817e5feb97a9bc5d52fe"},
    {file = "ijson-3.3.0-cp36-cp36m-manylinux_2_17_aarch64.manylinux2014_aarch64.whl", hash = "sha256:e6576cdc36d5a09b0c1a3d81e13a45d41a6763188f9eaae2da2839e8a4240bce"},
    {file = "ijson-3.3.0-cp36-cp36m-manylinux_2_17_i686.manylinux2014_i686.whl", hash = "sha256:e5589225c2da4bb732c9c370c5961c39a6db72cf69fb2a28868a5413ed7f39e6"},
    {file = "ijson-3.3.0-cp36-cp36m-manylinux_2_17_x86_64.manylinux2014_x86_64.whl", hash = "sha256:ad04cf38164d983e85f9cba2804566c0160b47086dcca4cf059f7e26c5ace8ca"},
    {file = "ijson-3.3.0-cp36-cp36m-musllinux_1_2_aarch64.whl", hash = "sha256:a3b730ef664b2ef0e99dec01b6573b9b085c766400af363833e08ebc1e38eb2f"},
    {file = "ijson-3.3.0-cp36-cp36m-musllinux_1_2_i686.whl", hash = "sha256:4690e3af7b134298055993fcbea161598d23b6d3ede11b12dca6815d82d101d5"},
    {file = "ijson-3.3.0-cp36-cp36m-musllinux_1_2_x86_64.whl", hash = "sha256:aaa6bfc2180c31a45fac35d40e3312a3d09954638ce0b2e9424a88e24d262a13"},
    {file = "ijson-3.3.0-cp36-cp36m-win32.whl", hash = "sha256:44367090a5a876809eb24943f31e470ba372aaa0d7396b92b953dda953a95d14"},
    {file = "ijson-3.3.0-cp36-cp36m-win_amd64.whl", hash = "sha256:7e2b3e9ca957153557d06c50a26abaf0d0d6c0ddf462271854c968277a6b5372"},
    {file = "ijson-3.3.0-cp37-cp37m-macosx_10_9_x86_64.whl", hash = "sha256:47c144117e5c0e2babb559bc8f3f76153863b8dd90b2d550c51dab5f4b84a87f"},
    {file = "ijson-3.3.0-cp37-cp37m-manylinux_2_17_aarch64.manylinux2014_aarch64.whl", hash = "sha256:29ce02af5fbf9ba6abb70765e66930aedf73311c7d840478f1ccecac53fefbf3"},
    {file = "ijson-3.3.0-cp37-cp37m-manylinux_2_17_i686.manylinux2014_i686.whl", hash = "sha256:4ac6c3eeed25e3e2cb9b379b48196413e40ac4e2239d910bb33e4e7f6c137745"},
    {file = "ijson-3.3.0-cp37-cp37m-manylinux_2_17_x86_64.manylinux2014_x86_64.whl", hash = "sha256:d92e339c69b585e7b1d857308ad3ca1636b899e4557897ccd91bb9e4a56c965b"},
    {file = "ijson-3.3.0-cp37-cp37m-musllinux_1_2_aarch64.whl", hash = "sha256:8c85447569041939111b8c7dbf6f8fa7a0eb5b2c4aebb3c3bec0fb50d7025121"},
    {file = "ijson-3.3.0-cp37-cp37m-musllinux_1_2_i686.whl", hash = "sha256:542c1e8fddf082159a5d759ee1412c73e944a9a2412077ed00b303ff796907dc"},
    {file = "ijson-3.3.0-cp37-cp37m-musllinux_1_2_x86_64.whl", hash = "sha256:30cfea40936afb33b57d24ceaf60d0a2e3d5c1f2335ba2623f21d560737cc730"},
    {file = "ijson-3.3.0-cp37-cp37m-win32.whl", hash = "sha256:6b661a959226ad0d255e49b77dba1d13782f028589a42dc3172398dd3814c797"},
    {file = "ijson-3.3.0-cp37-cp37m-win_amd64.whl", hash = "sha256:0b003501ee0301dbf07d1597482009295e16d647bb177ce52076c2d5e64113e0"},
    {file = "ijson-3.3.0-cp38-cp38-macosx_10_9_universal2.whl", hash = "sha256:3e8d8de44effe2dbd0d8f3eb9840344b2d5b4cc284a14eb8678aec31d1b6bea8"},
    {file = "ijson-3.3.0-cp38-cp38-macosx_10_9_x86_64.whl", hash = "sha256:9cd5c03c63ae06d4f876b9844c5898d0044c7940ff7460db9f4cd984ac7862b5"},
    {file = "ijson-3.3.0-cp38-cp38-macosx_11_0_arm64.whl", hash = "sha256:04366e7e4a4078d410845e58a2987fd9c45e63df70773d7b6e87ceef771b51ee"},
    {file = "ijson-3.3.0-cp38-cp38-manylinux_2_17_aarch64.manylinux2014_aarch64.whl", hash = "sha256:de7c1ddb80fa7a3ab045266dca169004b93f284756ad198306533b792774f10a"},
    {file = "ijson-3.3.0-cp38-cp38-manylinux_2_17_i686.manylinux2014_i686.whl", hash = "sha256:8851584fb931cffc0caa395f6980525fd5116eab8f73ece9d95e6f9c2c326c4c"},
    {file = "ijson-3.3.0-cp38-cp38-manylinux_2_17_x86_64.manylinux2014_x86_64.whl", hash = "sha256:bdcfc88347fd981e53c33d832ce4d3e981a0d696b712fbcb45dcc1a43fe65c65"},
    {file = "ijson-3.3.0-cp38-cp38-musllinux_1_2_aarch64.whl", hash = "sha256:3917b2b3d0dbbe3296505da52b3cb0befbaf76119b2edaff30bd448af20b5400"},
    {file = "ijson-3.3.0-cp38-cp38-musllinux_1_2_i686.whl", hash = "sha256:e10c14535abc7ddf3fd024aa36563cd8ab5d2bb6234a5d22c77c30e30fa4fb2b"},
    {file = "ijson-3.3.0-cp38-cp38-musllinux_1_2_x86_64.whl", hash = "sha256:3aba5c4f97f4e2ce854b5591a8b0711ca3b0c64d1b253b04ea7b004b0a197ef6"},
    {file = "ijson-3.3.0-cp38-cp38-win32.whl", hash = "sha256:b325f42e26659df1a0de66fdb5cde8dd48613da9c99c07d04e9fb9e254b7ee1c"},
    {file = "ijson-3.3.0-cp38-cp38-win_amd64.whl", hash = "sha256:ff835906f84451e143f31c4ce8ad73d83ef4476b944c2a2da91aec8b649570e1"},
    {file = "ijson-3.3.0-cp39-cp39-macosx_10_9_universal2.whl", hash = "sha256:3c556f5553368dff690c11d0a1fb435d4ff1f84382d904ccc2dc53beb27ba62e"},
    {file = "ijson-3.3.0-cp39-cp39-macosx_10_9_x86_64.whl", hash = "sha256:e4396b55a364a03ff7e71a34828c3ed0c506814dd1f50e16ebed3fc447d5188e"},
    {file = "ijson-3.3.0-cp39-cp39-macosx_11_0_arm64.whl", hash = "sha256:e6850ae33529d1e43791b30575070670070d5fe007c37f5d06aebc1dd152ab3f"},
    {file = "ijson-3.3.0-cp39-cp39-manylinux_2_17_aarch64.manylinux2014_aarch64.whl", hash = "sha256:36aa56d68ea8def26778eb21576ae13f27b4a47263a7a2581ab2ef58b8de4451"},
    {file = "ijson-3.3.0-cp39-cp39-manylinux_2_17_i686.manylinux2014_i686.whl", hash = "sha256:a7ec759c4a0fc820ad5dc6a58e9c391e7b16edcb618056baedbedbb9ea3b1524"},
    {file = "ijson-3.3.0-cp39-cp39-manylinux_2_17_x86_64.manylinux2014_x86_64.whl", hash = "sha256:b51bab2c4e545dde93cb6d6bb34bf63300b7cd06716f195dd92d9255df728331"},
    {file = "ijson-3.3.0-cp39-cp39-musllinux_1_2_aarch64.whl", hash = "sha256:92355f95a0e4da96d4c404aa3cff2ff033f9180a9515f813255e1526551298c1"},
    {file = "ijson-3.3.0-cp39-cp39-musllinux_1_2_i686.whl", hash = "sha256:8795e88adff5aa3c248c1edce932db003d37a623b5787669ccf205c422b91e4a"},
    {file = "ijson-3.3.0-cp39-cp39-musllinux_1_2_x86_64.whl", hash = "sha256:8f83f553f4cde6d3d4eaf58ec11c939c94a0ec545c5b287461cafb184f4b3a14"},
    {file = "ijson-3.3.0-cp39-cp39-win32.whl", hash = "sha256:ead50635fb56577c07eff3e557dac39533e0fe603000684eea2af3ed1ad8f941"},
    {file = "ijson-3.3.0-cp39-cp39-win_amd64.whl", hash = "sha256:c8a9befb0c0369f0cf5c1b94178d0d78f66d9cebb9265b36be6e4f66236076b8"},
    {file = "ijson-3.3.0-pp310-pypy310_pp73-macosx_10_9_x86_64.whl", hash = "sha256:2af323a8aec8a50fa9effa6d640691a30a9f8c4925bd5364a1ca97f1ac6b9b5c"},
    {file = "ijson-3.3.0-pp310-pypy310_pp73-manylinux_2_17_aarch64.manylinux2014_aarch64.whl", hash = "sha256:f64f01795119880023ba3ce43072283a393f0b90f52b66cc0ea1a89aa64a9ccb"},
    {file = "ijson-3.3.0-pp310-pypy310_pp73-manylinux_2_17_i686.manylinux2014_i686.whl", hash = "sha256:a716e05547a39b788deaf22725490855337fc36613288aa8ae1601dc8c525553"},
    {file = "ijson-3.3.0-pp310-pypy310_pp73-manylinux_2_17_x86_64.manylinux2014_x86_64.whl", hash = "sha256:473f5d921fadc135d1ad698e2697025045cd8ed7e5e842258295012d8a3bc702"},
    {file = "ijson-3.3.0-pp310-pypy310_pp73-win_amd64.whl", hash = "sha256:dd26b396bc3a1e85f4acebeadbf627fa6117b97f4c10b177d5779577c6607744"},
    {file = "ijson-3.3.0-pp37-pypy37_pp73-macosx_10_9_x86_64.whl", hash = "sha256:25fd49031cdf5fd5f1fd21cb45259a64dad30b67e64f745cc8926af1c8c243d3"},
    {file = "ijson-3.3.0-pp37-pypy37_pp73-manylinux_2_17_aarch64.manylinux2014_aarch64.whl", hash = "sha256:4b72178b1e565d06ab19319965022b36ef41bcea7ea153b32ec31194bec032a2"},
    {file = "ijson-3.3.0-pp37-pypy37_pp73-manylinux_2_17_i686.manylinux2014_i686.whl", hash = "sha256:7d0b6b637d05dbdb29d0bfac2ed8425bb369e7af5271b0cc7cf8b801cb7360c2"},
    {file = "ijson-3.3.0-pp37-pypy37_pp73-manylinux_2_17_x86_64.manylinux2014_x86_64.whl", hash = "sha256:5378d0baa59ae422905c5f182ea0fd74fe7e52a23e3821067a7d58c8306b2191"},
    {file = "ijson-3.3.0-pp37-pypy37_pp73-win_amd64.whl", hash = "sha256:99f5c8ab048ee4233cc4f2b461b205cbe01194f6201018174ac269bf09995749"},
    {file = "ijson-3.3.0-pp38-pypy38_pp73-macosx_10_9_x86_64.whl", hash = "sha256:45ff05de889f3dc3d37a59d02096948ce470699f2368b32113954818b21aa74a"},
    {file = "ijson-3.3.0-pp38-pypy38_pp73-manylinux_2_17_aarch64.manylinux2014_aarch64.whl", hash = "sha256:1efb521090dd6cefa7aafd120581947b29af1713c902ff54336b7c7130f04c47"},
    {file = "ijson-3.3.0-pp38-pypy38_pp73-manylinux_2_17_i686.manylinux2014_i686.whl", hash = "sha256:87c727691858fd3a1c085d9980d12395517fcbbf02c69fbb22dede8ee03422da"},
    {file = "ijson-3.3.0-pp38-pypy38_pp73-manylinux_2_17_x86_64.manylinux2014_x86_64.whl", hash = "sha256:0420c24e50389bc251b43c8ed379ab3e3ba065ac8262d98beb6735ab14844460"},
    {file = "ijson-3.3.0-pp38-pypy38_pp73-win_amd64.whl", hash = "sha256:8fdf3721a2aa7d96577970f5604bd81f426969c1822d467f07b3d844fa2fecc7"},
    {file = "ijson-3.3.0-pp39-pypy39_pp73-macosx_10_9_x86_64.whl", hash = "sha256:891f95c036df1bc95309951940f8eea8537f102fa65715cdc5aae20b8523813b"},
    {file = "ijson-3.3.0-pp39-pypy39_pp73-manylinux_2_17_aarch64.manylinux2014_aarch64.whl", hash = "sha256:ed1336a2a6e5c427f419da0154e775834abcbc8ddd703004108121c6dd9eba9d"},
    {file = "ijson-3.3.0-pp39-pypy39_pp73-manylinux_2_17_i686.manylinux2014_i686.whl", hash = "sha256:f0c819f83e4f7b7f7463b2dc10d626a8be0c85fbc7b3db0edc098c2b16ac968e"},
    {file = "ijson-3.3.0-pp39-pypy39_pp73-manylinux_2_17_x86_64.manylinux2014_x86_64.whl", hash = "sha256:33afc25057377a6a43c892de34d229a86f89ea6c4ca3dd3db0dcd17becae0dbb"},
    {file = "ijson-3.3.0-pp39-pypy39_pp73-win_amd64.whl", hash = "sha256:7914d0cf083471856e9bc2001102a20f08e82311dfc8cf1a91aa422f9414a0d6"},
    {file = "ijson-3.3.0.tar.gz", hash = "sha256:7f172e6ba1bee0d4c8f8ebd639577bfe429dee0f3f96775a067b8bae4492d8a0"},
]

[[package]]
name = "isort"
version = "5.13.2"
description = "A Python utility / library to sort Python imports."
category = "dev"
optional = false
python-versions = ">=3.8.0"
files = [
    {file = "isort-5.13.2-py3-none-any.whl", hash = "sha256:8ca5e72a8d85860d5a3fa69b8745237f2939afe12dbf656afbcb47fe72d947a6"},
    {file = "isort-5.13.2.tar.gz", hash = "sha256:48fdfcb9face5d58a4f6dde2e72a1fb8dcaf8ab26f95ab49fab84c2ddefb0109"},
]

[package.extras]
colors = ["colorama (>=0.4.6)"]

[[package]]
name = "mccabe"
version = "0.7.0"
description = "McCabe checker, plugin for flake8"
category = "dev"
optional = false
python-versions = ">=3.6"
files = [
    {file = "mccabe-0.7.0-py2.py3-none-any.whl", hash = "sha256:6c2d30ab6be0e4a46919781807b4f0d834ebdd6c6e3dca0bda5a15f863427b6e"},
    {file = "mccabe-0.7.0.tar.gz", hash = "sha256:348e0240c33b60bbdf4e523192ef919f28cb2c3d7d5c7794f74009290f236325"},
]

[[package]]
name = "memory-profiler"
version = "0.61.0"
description = "A module for monitoring memory usage of a python program"
category = "main"
optional = false
python-versions = ">=3.5"
files = [
    {file = "memory_profiler-0.61.0-py3-none-any.whl", hash = "sha256:400348e61031e3942ad4d4109d18753b2fb08c2f6fb8290671c5513a34182d84"},
    {file = "memory_profiler-0.61.0.tar.gz", hash = "sha256:4e5b73d7864a1d1292fb76a03e82a3e78ef934d06828a698d9dada76da2067b0"},
]

[package.dependencies]
psutil = "*"

[[package]]
name = "nodeenv"
version = "1.9.1"
description = "Node.js virtual environment builder"
category = "dev"
optional = false
python-versions = "!=3.0.*,!=3.1.*,!=3.2.*,!=3.3.*,!=3.4.*,!=3.5.*,!=3.6.*,>=2.7"
files = [
    {file = "nodeenv-1.9.1-py2.py3-none-any.whl", hash = "sha256:ba11c9782d29c27c70ffbdda2d7415098754709be8a7056d79a737cd901155c9"},
    {file = "nodeenv-1.9.1.tar.gz", hash = "sha256:6ec12890a2dab7946721edbfbcd91f3319c6ccc9aec47be7c7e6b7011ee6645f"},
]

[[package]]
name = "platformdirs"
version = "4.2.2"
description = "A small Python package for determining appropriate platform-specific dirs, e.g. a `user data dir`."
category = "dev"
optional = false
python-versions = ">=3.8"
files = [
    {file = "platformdirs-4.2.2-py3-none-any.whl", hash = "sha256:2d7a1657e36a80ea911db832a8a6ece5ee53d8de21edd5cc5879af6530b1bfee"},
    {file = "platformdirs-4.2.2.tar.gz", hash = "sha256:38b7b51f512eed9e84a22788b4bce1de17c0adb134d6becb09836e37d8654cd3"},
]

[package.extras]
docs = ["furo (>=2023.9.10)", "proselint (>=0.13)", "sphinx (>=7.2.6)", "sphinx-autodoc-typehints (>=1.25.2)"]
test = ["appdirs (==1.4.4)", "covdefaults (>=2.3)", "pytest (>=7.4.3)", "pytest-cov (>=4.1)", "pytest-mock (>=3.12)"]
type = ["mypy (>=1.8)"]

[[package]]
name = "pre-commit"
version = "3.8.0"
description = "A framework for managing and maintaining multi-language pre-commit hooks."
category = "dev"
optional = false
python-versions = ">=3.9"
files = [
    {file = "pre_commit-3.8.0-py2.py3-none-any.whl", hash = "sha256:9a90a53bf82fdd8778d58085faf8d83df56e40dfe18f45b19446e26bf1b3a63f"},
    {file = "pre_commit-3.8.0.tar.gz", hash = "sha256:8bb6494d4a20423842e198980c9ecf9f96607a07ea29549e180eef9ae80fe7af"},
]

[package.dependencies]
cfgv = ">=2.0.0"
identify = ">=1.0.0"
nodeenv = ">=0.11.1"
pyyaml = ">=5.1"
virtualenv = ">=20.10.0"

[[package]]
name = "psutil"
version = "6.0.0"
description = "Cross-platform lib for process and system monitoring in Python."
category = "main"
optional = false
python-versions = "!=3.0.*,!=3.1.*,!=3.2.*,!=3.3.*,!=3.4.*,!=3.5.*,>=2.7"
files = [
    {file = "psutil-6.0.0-cp27-cp27m-macosx_10_9_x86_64.whl", hash = "sha256:a021da3e881cd935e64a3d0a20983bda0bb4cf80e4f74fa9bfcb1bc5785360c6"},
    {file = "psutil-6.0.0-cp27-cp27m-manylinux2010_i686.whl", hash = "sha256:1287c2b95f1c0a364d23bc6f2ea2365a8d4d9b726a3be7294296ff7ba97c17f0"},
    {file = "psutil-6.0.0-cp27-cp27m-manylinux2010_x86_64.whl", hash = "sha256:a9a3dbfb4de4f18174528d87cc352d1f788b7496991cca33c6996f40c9e3c92c"},
    {file = "psutil-6.0.0-cp27-cp27mu-manylinux2010_i686.whl", hash = "sha256:6ec7588fb3ddaec7344a825afe298db83fe01bfaaab39155fa84cf1c0d6b13c3"},
    {file = "psutil-6.0.0-cp27-cp27mu-manylinux2010_x86_64.whl", hash = "sha256:1e7c870afcb7d91fdea2b37c24aeb08f98b6d67257a5cb0a8bc3ac68d0f1a68c"},
    {file = "psutil-6.0.0-cp27-none-win32.whl", hash = "sha256:02b69001f44cc73c1c5279d02b30a817e339ceb258ad75997325e0e6169d8b35"},
    {file = "psutil-6.0.0-cp27-none-win_amd64.whl", hash = "sha256:21f1fb635deccd510f69f485b87433460a603919b45e2a324ad65b0cc74f8fb1"},
    {file = "psutil-6.0.0-cp36-abi3-macosx_10_9_x86_64.whl", hash = "sha256:c588a7e9b1173b6e866756dde596fd4cad94f9399daf99ad8c3258b3cb2b47a0"},
    {file = "psutil-6.0.0-cp36-abi3-manylinux_2_12_i686.manylinux2010_i686.manylinux_2_17_i686.manylinux2014_i686.whl", hash = "sha256:6ed2440ada7ef7d0d608f20ad89a04ec47d2d3ab7190896cd62ca5fc4fe08bf0"},
    {file = "psutil-6.0.0-cp36-abi3-manylinux_2_12_x86_64.manylinux2010_x86_64.manylinux_2_17_x86_64.manylinux2014_x86_64.whl", hash = "sha256:5fd9a97c8e94059b0ef54a7d4baf13b405011176c3b6ff257c247cae0d560ecd"},
    {file = "psutil-6.0.0-cp36-abi3-manylinux_2_17_aarch64.manylinux2014_aarch64.whl", hash = "sha256:e2e8d0054fc88153ca0544f5c4d554d42e33df2e009c4ff42284ac9ebdef4132"},
    {file = "psutil-6.0.0-cp36-cp36m-win32.whl", hash = "sha256:fc8c9510cde0146432bbdb433322861ee8c3efbf8589865c8bf8d21cb30c4d14"},
    {file = "psutil-6.0.0-cp36-cp36m-win_amd64.whl", hash = "sha256:34859b8d8f423b86e4385ff3665d3f4d94be3cdf48221fbe476e883514fdb71c"},
    {file = "psutil-6.0.0-cp37-abi3-win32.whl", hash = "sha256:a495580d6bae27291324fe60cea0b5a7c23fa36a7cd35035a16d93bdcf076b9d"},
    {file = "psutil-6.0.0-cp37-abi3-win_amd64.whl", hash = "sha256:33ea5e1c975250a720b3a6609c490db40dae5d83a4eb315170c4fe0d8b1f34b3"},
    {file = "psutil-6.0.0-cp38-abi3-macosx_11_0_arm64.whl", hash = "sha256:ffe7fc9b6b36beadc8c322f84e1caff51e8703b88eee1da46d1e3a6ae11b4fd0"},
    {file = "psutil-6.0.0.tar.gz", hash = "sha256:8faae4f310b6d969fa26ca0545338b21f73c6b15db7c4a8d934a5482faa818f2"},
]

[package.extras]
test = ["enum34", "ipaddress", "mock", "pywin32", "wmi"]

[[package]]
name = "pylint"
version = "3.2.7"
description = "python code static checker"
category = "dev"
optional = false
python-versions = ">=3.8.0"
files = [
    {file = "pylint-3.2.7-py3-none-any.whl", hash = "sha256:02f4aedeac91be69fb3b4bea997ce580a4ac68ce58b89eaefeaf06749df73f4b"},
    {file = "pylint-3.2.7.tar.gz", hash = "sha256:1b7a721b575eaeaa7d39db076b6e7743c993ea44f57979127c517c6c572c803e"},
]

[package.dependencies]
astroid = ">=3.2.4,<=3.3.0-dev0"
colorama = {version = ">=0.4.5", markers = "sys_platform == \"win32\""}
dill = [
    {version = ">=0.3.6", markers = "python_version >= \"3.11\""},
    {version = ">=0.3.7", markers = "python_version >= \"3.12\""},
]
isort = ">=4.2.5,<5.13.0 || >5.13.0,<6"
mccabe = ">=0.6,<0.8"
platformdirs = ">=2.2.0"
tomlkit = ">=0.10.1"

[package.extras]
spelling = ["pyenchant (>=3.2,<4.0)"]
testutils = ["gitpython (>3)"]

[[package]]
name = "pyyaml"
version = "6.0.2"
description = "YAML parser and emitter for Python"
category = "dev"
optional = false
python-versions = ">=3.8"
files = [
    {file = "PyYAML-6.0.2-cp310-cp310-macosx_10_9_x86_64.whl", hash = "sha256:0a9a2848a5b7feac301353437eb7d5957887edbf81d56e903999a75a3d743086"},
    {file = "PyYAML-6.0.2-cp310-cp310-macosx_11_0_arm64.whl", hash = "sha256:29717114e51c84ddfba879543fb232a6ed60086602313ca38cce623c1d62cfbf"},
    {file = "PyYAML-6.0.2-cp310-cp310-manylinux_2_17_aarch64.manylinux2014_aarch64.whl", hash = "sha256:8824b5a04a04a047e72eea5cec3bc266db09e35de6bdfe34c9436ac5ee27d237"},
    {file = "PyYAML-6.0.2-cp310-cp310-manylinux_2_17_s390x.manylinux2014_s390x.whl", hash = "sha256:7c36280e6fb8385e520936c3cb3b8042851904eba0e58d277dca80a5cfed590b"},
    {file = "PyYAML-6.0.2-cp310-cp310-manylinux_2_17_x86_64.manylinux2014_x86_64.whl", hash = "sha256:ec031d5d2feb36d1d1a24380e4db6d43695f3748343d99434e6f5f9156aaa2ed"},
    {file = "PyYAML-6.0.2-cp310-cp310-musllinux_1_1_aarch64.whl", hash = "sha256:936d68689298c36b53b29f23c6dbb74de12b4ac12ca6cfe0e047bedceea56180"},
    {file = "PyYAML-6.0.2-cp310-cp310-musllinux_1_1_x86_64.whl", hash = "sha256:23502f431948090f597378482b4812b0caae32c22213aecf3b55325e049a6c68"},
    {file = "PyYAML-6.0.2-cp310-cp310-win32.whl", hash = "sha256:2e99c6826ffa974fe6e27cdb5ed0021786b03fc98e5ee3c5bfe1fd5015f42b99"},
    {file = "PyYAML-6.0.2-cp310-cp310-win_amd64.whl", hash = "sha256:a4d3091415f010369ae4ed1fc6b79def9416358877534caf6a0fdd2146c87a3e"},
    {file = "PyYAML-6.0.2-cp311-cp311-macosx_10_9_x86_64.whl", hash = "sha256:cc1c1159b3d456576af7a3e4d1ba7e6924cb39de8f67111c735f6fc832082774"},
    {file = "PyYAML-6.0.2-cp311-cp311-macosx_11_0_arm64.whl", hash = "sha256:1e2120ef853f59c7419231f3bf4e7021f1b936f6ebd222406c3b60212205d2ee"},
    {file = "PyYAML-6.0.2-cp311-cp311-manylinux_2_17_aarch64.manylinux2014_aarch64.whl", hash = "sha256:5d225db5a45f21e78dd9358e58a98702a0302f2659a3c6cd320564b75b86f47c"},
    {file = "PyYAML-6.0.2-cp311-cp311-manylinux_2_17_s390x.manylinux2014_s390x.whl", hash = "sha256:5ac9328ec4831237bec75defaf839f7d4564be1e6b25ac710bd1a96321cc8317"},
    {file = "PyYAML-6.0.2-cp311-cp311-manylinux_2_17_x86_64.manylinux2014_x86_64.whl", hash = "sha256:3ad2a3decf9aaba3d29c8f537ac4b243e36bef957511b4766cb0057d32b0be85"},
    {file = "PyYAML-6.0.2-cp311-cp311-musllinux_1_1_aarch64.whl", hash = "sha256:ff3824dc5261f50c9b0dfb3be22b4567a6f938ccce4587b38952d85fd9e9afe4"},
    {file = "PyYAML-6.0.2-cp311-cp311-musllinux_1_1_x86_64.whl", hash = "sha256:797b4f722ffa07cc8d62053e4cff1486fa6dc094105d13fea7b1de7d8bf71c9e"},
    {file = "PyYAML-6.0.2-cp311-cp311-win32.whl", hash = "sha256:11d8f3dd2b9c1207dcaf2ee0bbbfd5991f571186ec9cc78427ba5bd32afae4b5"},
    {file = "PyYAML-6.0.2-cp311-cp311-win_amd64.whl", hash = "sha256:e10ce637b18caea04431ce14fabcf5c64a1c61ec9c56b071a4b7ca131ca52d44"},
    {file = "PyYAML-6.0.2-cp312-cp312-macosx_10_9_x86_64.whl", hash = "sha256:c70c95198c015b85feafc136515252a261a84561b7b1d51e3384e0655ddf25ab"},
    {file = "PyYAML-6.0.2-cp312-cp312-macosx_11_0_arm64.whl", hash = "sha256:ce826d6ef20b1bc864f0a68340c8b3287705cae2f8b4b1d932177dcc76721725"},
    {file = "PyYAML-6.0.2-cp312-cp312-manylinux_2_17_aarch64.manylinux2014_aarch64.whl", hash = "sha256:1f71ea527786de97d1a0cc0eacd1defc0985dcf6b3f17bb77dcfc8c34bec4dc5"},
    {file = "PyYAML-6.0.2-cp312-cp312-manylinux_2_17_s390x.manylinux2014_s390x.whl", hash = "sha256:9b22676e8097e9e22e36d6b7bda33190d0d400f345f23d4065d48f4ca7ae0425"},
    {file = "PyYAML-6.0.2-cp312-cp312-manylinux_2_17_x86_64.manylinux2014_x86_64.whl", hash = "sha256:80bab7bfc629882493af4aa31a4cfa43a4c57c83813253626916b8c7ada83476"},
    {file = "PyYAML-6.0.2-cp312-cp312-musllinux_1_1_aarch64.whl", hash = "sha256:0833f8694549e586547b576dcfaba4a6b55b9e96098b36cdc7ebefe667dfed48"},
    {file = "PyYAML-6.0.2-cp312-cp312-musllinux_1_1_x86_64.whl", hash = "sha256:8b9c7197f7cb2738065c481a0461e50ad02f18c78cd75775628afb4d7137fb3b"},
    {file = "PyYAML-6.0.2-cp312-cp312-win32.whl", hash = "sha256:ef6107725bd54b262d6dedcc2af448a266975032bc85ef0172c5f059da6325b4"},
    {file = "PyYAML-6.0.2-cp312-cp312-win_amd64.whl", hash = "sha256:7e7401d0de89a9a855c839bc697c079a4af81cf878373abd7dc625847d25cbd8"},
    {file = "PyYAML-6.0.2-cp313-cp313-macosx_10_13_x86_64.whl", hash = "sha256:efdca5630322a10774e8e98e1af481aad470dd62c3170801852d752aa7a783ba"},
    {file = "PyYAML-6.0.2-cp313-cp313-macosx_11_0_arm64.whl", hash = "sha256:50187695423ffe49e2deacb8cd10510bc361faac997de9efef88badc3bb9e2d1"},
    {file = "PyYAML-6.0.2-cp313-cp313-manylinux_2_17_aarch64.manylinux2014_aarch64.whl", hash = "sha256:0ffe8360bab4910ef1b9e87fb812d8bc0a308b0d0eef8c8f44e0254ab3b07133"},
    {file = "PyYAML-6.0.2-cp313-cp313-manylinux_2_17_s390x.manylinux2014_s390x.whl", hash = "sha256:17e311b6c678207928d649faa7cb0d7b4c26a0ba73d41e99c4fff6b6c3276484"},
    {file = "PyYAML-6.0.2-cp313-cp313-manylinux_2_17_x86_64.manylinux2014_x86_64.whl", hash = "sha256:70b189594dbe54f75ab3a1acec5f1e3faa7e8cf2f1e08d9b561cb41b845f69d5"},
    {file = "PyYAML-6.0.2-cp313-cp313-musllinux_1_1_aarch64.whl", hash = "sha256:41e4e3953a79407c794916fa277a82531dd93aad34e29c2a514c2c0c5fe971cc"},
    {file = "PyYAML-6.0.2-cp313-cp313-musllinux_1_1_x86_64.whl", hash = "sha256:68ccc6023a3400877818152ad9a1033e3db8625d899c72eacb5a668902e4d652"},
    {file = "PyYAML-6.0.2-cp313-cp313-win32.whl", hash = "sha256:bc2fa7c6b47d6bc618dd7fb02ef6fdedb1090ec036abab80d4681424b84c1183"},
    {file = "PyYAML-6.0.2-cp313-cp313-win_amd64.whl", hash = "sha256:8388ee1976c416731879ac16da0aff3f63b286ffdd57cdeb95f3f2e085687563"},
    {file = "PyYAML-6.0.2-cp38-cp38-macosx_10_9_x86_64.whl", hash = "sha256:24471b829b3bf607e04e88d79542a9d48bb037c2267d7927a874e6c205ca7e9a"},
    {file = "PyYAML-6.0.2-cp38-cp38-manylinux_2_17_aarch64.manylinux2014_aarch64.whl", hash = "sha256:d7fded462629cfa4b685c5416b949ebad6cec74af5e2d42905d41e257e0869f5"},
    {file = "PyYAML-6.0.2-cp38-cp38-manylinux_2_17_s390x.manylinux2014_s390x.whl", hash = "sha256:d84a1718ee396f54f3a086ea0a66d8e552b2ab2017ef8b420e92edbc841c352d"},
    {file = "PyYAML-6.0.2-cp38-cp38-manylinux_2_17_x86_64.manylinux2014_x86_64.whl", hash = "sha256:9056c1ecd25795207ad294bcf39f2db3d845767be0ea6e6a34d856f006006083"},
    {file = "PyYAML-6.0.2-cp38-cp38-musllinux_1_1_x86_64.whl", hash = "sha256:82d09873e40955485746739bcb8b4586983670466c23382c19cffecbf1fd8706"},
    {file = "PyYAML-6.0.2-cp38-cp38-win32.whl", hash = "sha256:43fa96a3ca0d6b1812e01ced1044a003533c47f6ee8aca31724f78e93ccc089a"},
    {file = "PyYAML-6.0.2-cp38-cp38-win_amd64.whl", hash = "sha256:01179a4a8559ab5de078078f37e5c1a30d76bb88519906844fd7bdea1b7729ff"},
    {file = "PyYAML-6.0.2-cp39-cp39-macosx_10_9_x86_64.whl", hash = "sha256:688ba32a1cffef67fd2e9398a2efebaea461578b0923624778664cc1c914db5d"},
    {file = "PyYAML-6.0.2-cp39-cp39-macosx_11_0_arm64.whl", hash = "sha256:a8786accb172bd8afb8be14490a16625cbc387036876ab6ba70912730faf8e1f"},
    {file = "PyYAML-6.0.2-cp39-cp39-manylinux_2_17_aarch64.manylinux2014_aarch64.whl", hash = "sha256:d8e03406cac8513435335dbab54c0d385e4a49e4945d2909a581c83647ca0290"},
    {file = "PyYAML-6.0.2-cp39-cp39-manylinux_2_17_s390x.manylinux2014_s390x.whl", hash = "sha256:f753120cb8181e736c57ef7636e83f31b9c0d1722c516f7e86cf15b7aa57ff12"},
    {file = "PyYAML-6.0.2-cp39-cp39-manylinux_2_17_x86_64.manylinux2014_x86_64.whl", hash = "sha256:3b1fdb9dc17f5a7677423d508ab4f243a726dea51fa5e70992e59a7411c89d19"},
    {file = "PyYAML-6.0.2-cp39-cp39-musllinux_1_1_aarch64.whl", hash = "sha256:0b69e4ce7a131fe56b7e4d770c67429700908fc0752af059838b1cfb41960e4e"},
    {file = "PyYAML-6.0.2-cp39-cp39-musllinux_1_1_x86_64.whl", hash = "sha256:a9f8c2e67970f13b16084e04f134610fd1d374bf477b17ec1599185cf611d725"},
    {file = "PyYAML-6.0.2-cp39-cp39-win32.whl", hash = "sha256:6395c297d42274772abc367baaa79683958044e5d3835486c16da75d2a694631"},
    {file = "PyYAML-6.0.2-cp39-cp39-win_amd64.whl", hash = "sha256:39693e1f8320ae4f43943590b49779ffb98acb81f788220ea932a6b6c51004d8"},
    {file = "pyyaml-6.0.2.tar.gz", hash = "sha256:d584d9ec91ad65861cc08d42e834324ef890a082e591037abe114850ff7bbc3e"},
]

[[package]]
name = "tomlkit"
version = "0.13.2"
description = "Style preserving TOML library"
category = "dev"
optional = false
python-versions = ">=3.8"
files = [
    {file = "tomlkit-0.13.2-py3-none-any.whl", hash = "sha256:7a974427f6e119197f670fbbbeae7bef749a6c14e793db934baefc1b5f03efde"},
    {file = "tomlkit-0.13.2.tar.gz", hash = "sha256:fff5fe59a87295b278abd31bec92c15d9bc4a06885ab12bcea52c71119392e79"},
]

[[package]]
name = "virtualenv"
version = "20.26.3"
description = "Virtual Python Environment builder"
category = "dev"
optional = false
python-versions = ">=3.7"
files = [
    {file = "virtualenv-20.26.3-py3-none-any.whl", hash = "sha256:8cc4a31139e796e9a7de2cd5cf2489de1217193116a8fd42328f1bd65f434589"},
    {file = "virtualenv-20.26.3.tar.gz", hash = "sha256:4c43a2a236279d9ea36a0d76f98d84bd6ca94ac4e0f4a3b9d46d05e10fea542a"},
]

[package.dependencies]
distlib = ">=0.3.7,<1"
filelock = ">=3.12.2,<4"
platformdirs = ">=3.9.1,<5"

[package.extras]
docs = ["furo (>=2023.7.26)", "proselint (>=0.13)", "sphinx (>=7.1.2,!=7.3)", "sphinx-argparse (>=0.4)", "sphinxcontrib-towncrier (>=0.2.1a0)", "towncrier (>=23.6)"]
test = ["covdefaults (>=2.3)", "coverage (>=7.2.7)", "coverage-enable-subprocess (>=1)", "flaky (>=3.7)", "packaging (>=23.1)", "pytest (>=7.4)", "pytest-env (>=0.8.2)", "pytest-freezer (>=0.4.8)", "pytest-mock (>=3.11.1)", "pytest-randomly (>=3.12)", "pytest-timeout (>=2.1)", "setuptools (>=68)", "time-machine (>=2.10)"]

[metadata]
lock-version = "2.0"
python-versions = "^3.11"
content-hash = "321ddab57a4bf4a345fdeddd32cb0bf42cfd47166d33d310bdfc93e63a736517"
